{
    "_meta": {
        "hash": {
            "sha256": "f845ba2597f117be80d849ebbac9674adaf9d73cabab8dd129486d58f297ae4c"
        },
        "pipfile-spec": 6,
        "requires": {},
        "sources": [
            {
                "name": "pypi",
                "url": "https://pypi.python.org/simple",
                "verify_ssl": false
            }
        ]
    },
    "default": {},
    "develop": {}
}
