{
    "_meta": {
        "hash": {
            "sha256": "a99f3e400b55b4a8867a7747c855b65644b4eb3f8bd68ebbb8bf01ae15cba132"
        },
        "pipfile-spec": 6,
        "requires": {
            "python_version": "2.7"
        },
        "sources": [
            {
                "name": "pypi",
                "url": "https://pypi.org/simple",
                "verify_ssl": true
            }
        ]
    },
    "default": {
        "argparse": {
            "hashes": [
                "sha256:62b089a55be1d8949cd2bc7e0df0bddb9e028faefc8c32038cc84862aefdd6e4",
                "sha256:c31647edb69fd3d465a847ea3157d37bed1f95f19760b11a47aa91c04b666314"
            ],
            "index": "pypi",
            "version": "==1.4.0"
        },
        "asn1crypto": {
            "hashes": [
                "sha256:5a215cb8dc12f892244e3a113fe05397ee23c5c4ca7a69cd6e69811755efc42d",
                "sha256:831d2710d3274c8a74befdddaf9f17fcbf6e350534565074818722d6d615b315"
            ],
            "version": "==1.3.0"
        },
        "babel": {
            "hashes": [
                "sha256:3318ed2960240d61cbc6558858ee00c10eed77a6508c4d1ed8e6f7f48399c975",
                "sha256:c535c4403802f6eb38173cd4863e419e2274921a01a8aad8a5b497c131c62875"
            ],
            "index": "pypi",
            "version": "==2.3.4"
        },
        "beaker": {
            "hashes": [
                "sha256:ad5d1c05027ee3be3a482ea39f8cb70339b41e5d6ace0cb861382754076d187e"
            ],
            "version": "==1.11.0"
        },
        "bleach": {
            "hashes": [
                "sha256:b8fa79e91f96c2c2cd9fd1f9eda906efb1b88b483048978ba62fef680e962b34",
                "sha256:eb7386f632349d10d9ce9d4a838b134d4731571851149f9cc2c05a9a837a9a44"
            ],
            "index": "pypi",
            "version": "==2.1.3"
        },
        "boto": {
            "hashes": [
                "sha256:147758d41ae7240dc989f0039f27da8ca0d53734be0eb869ef16e3adcfa462e8",
                "sha256:ea0d3b40a2d852767be77ca343b58a9e3a4b00d9db440efb8da74b4e58025e5a"
            ],
            "index": "pypi",
            "version": "==2.49.0"
        },
        "cffi": {
            "hashes": [
                "sha256:041c81822e9f84b1d9c401182e174996f0bae9991f33725d059b771744290774",
                "sha256:046ef9a22f5d3eed06334d01b1e836977eeef500d9b78e9ef693f9380ad0b83d",
                "sha256:066bc4c7895c91812eff46f4b1c285220947d4aa46fa0a2651ff85f2afae9c90",
                "sha256:066c7ff148ae33040c01058662d6752fd73fbc8e64787229ea8498c7d7f4041b",
                "sha256:2444d0c61f03dcd26dbf7600cf64354376ee579acad77aef459e34efcb438c63",
                "sha256:300832850b8f7967e278870c5d51e3819b9aad8f0a2c8dbe39ab11f119237f45",
                "sha256:34c77afe85b6b9e967bd8154e3855e847b70ca42043db6ad17f26899a3df1b25",
                "sha256:46de5fa00f7ac09f020729148ff632819649b3e05a007d286242c4882f7b1dc3",
                "sha256:4aa8ee7ba27c472d429b980c51e714a24f47ca296d53f4d7868075b175866f4b",
                "sha256:4d0004eb4351e35ed950c14c11e734182591465a33e960a4ab5e8d4f04d72647",
                "sha256:4e3d3f31a1e202b0f5a35ba3bc4eb41e2fc2b11c1eff38b362de710bcffb5016",
                "sha256:50bec6d35e6b1aaeb17f7c4e2b9374ebf95a8975d57863546fa83e8d31bdb8c4",
                "sha256:55cad9a6df1e2a1d62063f79d0881a414a906a6962bc160ac968cc03ed3efcfb",
                "sha256:5662ad4e4e84f1eaa8efce5da695c5d2e229c563f9d5ce5b0113f71321bcf753",
                "sha256:59b4dc008f98fc6ee2bb4fd7fc786a8d70000d058c2bbe2698275bc53a8d3fa7",
                "sha256:73e1ffefe05e4ccd7bcea61af76f36077b914f92b76f95ccf00b0c1b9186f3f9",
                "sha256:a1f0fd46eba2d71ce1589f7e50a9e2ffaeb739fb2c11e8192aa2b45d5f6cc41f",
                "sha256:a2e85dc204556657661051ff4bab75a84e968669765c8a2cd425918699c3d0e8",
                "sha256:a5457d47dfff24882a21492e5815f891c0ca35fefae8aa742c6c263dac16ef1f",
                "sha256:a8dccd61d52a8dae4a825cdbb7735da530179fea472903eb871a5513b5abbfdc",
                "sha256:ae61af521ed676cf16ae94f30fe202781a38d7178b6b4ab622e4eec8cefaff42",
                "sha256:b012a5edb48288f77a63dba0840c92d0504aa215612da4541b7b42d849bc83a3",
                "sha256:d2c5cfa536227f57f97c92ac30c8109688ace8fa4ac086d19d0af47d134e2909",
                "sha256:d42b5796e20aacc9d15e66befb7a345454eef794fdb0737d1af593447c6c8f45",
                "sha256:dee54f5d30d775f525894d67b1495625dd9322945e7fee00731952e0368ff42d",
                "sha256:e070535507bd6aa07124258171be2ee8dfc19119c28ca94c9dfb7efd23564512",
                "sha256:e1ff2748c84d97b065cc95429814cdba39bcbd77c9c85c89344b317dc0d9cbff",
                "sha256:ed851c75d1e0e043cbf5ca9a8e1b13c4c90f3fbd863dacb01c0808e2b5204201"
            ],
            "index": "pypi",
            "version": "==1.12.3"
        },
        "ckan": {
            "git": "https://github.com/ckan/ckan.git",
            "hashes": [
                "sha256:af6e1127141256f026edee83c4425c2390db225891a3e79463ccf75f0818d09f"
            ],
            "ref": "7900935de6270ee80ec64a5378251dafedf3a0e4",
            "version": "==2.8.4"
        },
        "ckanext-datagovtheme": {
            "git": "https://github.com/GSA/ckanext-datagovtheme.git",
            "ref": "873dc70135d4ed313517010fb2b3c208b72c2913",
            "version": "==0.1"
        },
        "ckanext-datajson": {
            "editable": true,
            "git": "https://github.com/GSA/ckanext-datajson.git",
            "ref": "46ed53e6bfa3ad1f60bda06daba8fdf77138b254"
        },
        "ckanext-envvars": {
            "hashes": [
                "sha256:6b888149b32ecb4a3bf78700889321877fddf0b82ca4e952ba29a84eb2089837"
            ],
            "index": "pypi",
            "version": "==0.0.1"
        },
        "ckanext-geodatagov": {
            "git": "https://github.com/GSA/ckanext-geodatagov.git",
            "ref": "d82eb45067f9b8335b6d767499f218431fb6c215",
            "version": "==0.1"
        },
        "ckanext-harvest": {
            "git": "https://github.com/ckan/ckanext-harvest.git",
            "ref": "6d286eb8fd6ea3a136f0f3293b29efd5b4fbc025",
            "version": "==1.2.1"
        },
        "ckanext-spatial": {
            "git": "https://github.com/ckan/ckanext-spatial",
            "ref": "4ac25f19aa4eb9c798451f5eeb3084f907ccc003",
            "version": "==0.2"
        },
        "ckantoolkit": {
            "hashes": [
                "sha256:35510c9358c9933f4543640409e58df934c40717656e373f42149eb53ec34acb"
            ],
            "index": "pypi",
            "version": "==0.0.3"
        },
        "click": {
            "hashes": [
                "sha256:29f99fc6125fbc931b758dc053b3114e55c77a6e4c6c3a2674a2dc986016381d",
                "sha256:f15516df478d5a56180fbf80e68f206010e6d160fc39fa508b65e035fd75130b"
            ],
            "index": "pypi",
            "version": "==6.7"
        },
        "cryptography": {
            "hashes": [
                "sha256:24b61e5fcb506424d3ec4e18bca995833839bf13c59fc43e530e488f28d46b8c",
                "sha256:25dd1581a183e9e7a806fe0543f485103232f940fcfc301db65e630512cce643",
                "sha256:3452bba7c21c69f2df772762be0066c7ed5dc65df494a1d53a58b683a83e1216",
                "sha256:41a0be220dd1ed9e998f5891948306eb8c812b512dc398e5a01846d855050799",
                "sha256:5751d8a11b956fbfa314f6553d186b94aa70fdb03d8a4d4f1c82dcacf0cbe28a",
                "sha256:5f61c7d749048fa6e3322258b4263463bfccefecb0dd731b6561cb617a1d9bb9",
                "sha256:72e24c521fa2106f19623a3851e9f89ddfdeb9ac63871c7643790f872a305dfc",
                "sha256:7b97ae6ef5cba2e3bb14256625423413d5ce8d1abb91d4f29b6d1a081da765f8",
                "sha256:961e886d8a3590fd2c723cf07be14e2a91cf53c25f02435c04d39e90780e3b53",
                "sha256:96d8473848e984184b6728e2c9d391482008646276c3ff084a1bd89e15ff53a1",
                "sha256:ae536da50c7ad1e002c3eee101871d93abdc90d9c5f651818450a0d3af718609",
                "sha256:b0db0cecf396033abb4a93c95d1602f268b3a68bb0a9cc06a7cff587bb9a7292",
                "sha256:cfee9164954c186b191b91d4193989ca994703b2fff406f71cf454a2d3c7327e",
                "sha256:e6347742ac8f35ded4a46ff835c60e68c22a536a8ae5c4422966d06946b6d4c6",
                "sha256:f27d93f0139a3c056172ebb5d4f9056e770fdf0206c2f422ff2ebbad142e09ed",
                "sha256:f57b76e46a58b63d1c6375017f4564a28f19a5ca912691fd2e4261b3414b618d"
            ],
            "index": "pypi",
            "version": "==2.7"
        },
        "decorator": {
            "hashes": [
                "sha256:41fa54c2a0cc4ba648be4fd43cff00aedf5b9465c9bf18d64325bc225f08f760",
                "sha256:e3a62f0520172440ca0dcc823749319382e377f37f140a0b99ef45fecb84bfe7"
            ],
            "version": "==4.4.2"
        },
        "enum34": {
            "hashes": [
                "sha256:a98a201d6de3f2ab3db284e70a33b0f896fbf35f8086594e8c9e74b909058d53",
                "sha256:c3858660960c984d6ab0ebad691265180da2b43f07e061c0f8dca9ef3cffd328",
                "sha256:cce6a7477ed816bd2542d03d53db9f0db935dd013b70f336a95c73979289f248"
            ],
            "markers": "python_version < '3'",
            "version": "==1.1.10"
        },
        "fanstatic": {
            "hashes": [
                "sha256:b9d4b2507163489a869502f1744fb3818ee07db434a705e50cbf5169fc8f4751"
            ],
            "index": "pypi",
            "version": "==0.12"
        },
        "flask": {
            "hashes": [
                "sha256:2ea22336f6d388b4b242bc3abf8a01244a8aa3e236e7407469ef78c16ba355dd",
                "sha256:6c02dbaa5a9ef790d8219bdced392e2d549c10cd5a5ba4b6aa65126b2271af29"
            ],
            "index": "pypi",
            "version": "==0.12.4"
        },
        "flask-babel": {
            "hashes": [
                "sha256:462a3c599b0ccf426ca1757cc612f1db383844efd346d14170da04c8c76dd521",
                "sha256:c0d75710bd4b0fe866f9f2347de6e19208712f9cec006436b4c1c15d4cb0c939"
            ],
            "index": "pypi",
            "version": "==0.11.2"
        },
        "formencode": {
            "hashes": [
                "sha256:ada2f51792b1b484e5bb7b6cc14acfc1bc11fafc967cf015cd57e856053ca7f6"
            ],
            "version": "==1.3.1"
        },
        "funcsigs": {
            "hashes": [
                "sha256:330cc27ccbf7f1e992e69fef78261dc7c6569012cf397db8d3de0234e6c937ca",
                "sha256:a7bb0f2cf3a3fd1ab2732cb49eba4252c2af4240442415b4abce3b87022a8f50"
            ],
            "version": "==1.0.2"
        },
        "geoalchemy": {
            "hashes": [
                "sha256:282d63d4497ed2c7b59751fe1987d8d15a8215c5024de5d2fc79e0e631b59771",
                "sha256:78ce2f57a7982051030ccc9a59eb589bf6e0b3fad93875add4c1f7ef65f91863"
            ],
            "index": "pypi",
            "version": "==0.7.2"
        },
        "geoalchemy2": {
            "hashes": [
                "sha256:7d66d01af82d22bc37d3ebb1e73713b87ac5e116b3bc82ea4ec0584bbaa89f89",
                "sha256:eed7a62f5a13d1bbfaff708b345da663fb32ef879b662db6254b46f22bb93fe1"
            ],
            "index": "pypi",
            "version": "==0.5.0"
        },
        "gunicorn": {
            "hashes": [
                "sha256:c3930fe8de6778ab5ea716cab432ae6335fa9f03b3f2c3e02529214c476f4bcb",
                "sha256:f9de24e358b841567063629cd0a656b26792a41e23a24d0dcb40224fc3940081"
            ],
            "index": "pypi",
            "version": "==19.10.0"
        },
        "html5lib": {
            "hashes": [
                "sha256:20b159aa3badc9d5ee8f5c647e5efd02ed2a66ab8d354930bd9ff139fc1dc0a3",
                "sha256:66cb0dcfdbbc4f9c3ba1a63fdb511ffdbd4f513b2b6d81b80cd26ce6b3fb3736"
            ],
            "version": "==1.0.1"
        },
        "ipaddress": {
            "hashes": [
                "sha256:6e0f4a39e66cb5bb9a137b00276a2eff74f93b71dcbdad6f10ff7df9d3557fcc",
                "sha256:b7f8e0369580bb4a24d5ba1d7cc29660a4a6987763faf1d8a8046830e020e7e2"
            ],
            "markers": "python_version < '3'",
            "version": "==1.0.23"
        },
        "itsdangerous": {
            "hashes": [
                "sha256:321b033d07f2a4136d3ec762eac9f16a10ccd60f53c0c91af90217ace7ba1f19",
                "sha256:b12271b2047cb23eeb98c8b5622e2e5c5e9abd9784a153e9d8ef9cb4dd09d749"
            ],
            "markers": "python_version >= '2.7' and python_version not in '3.0, 3.1, 3.2, 3.3'",
            "version": "==1.1.0"
        },
        "jinja2": {
            "hashes": [
                "sha256:1cc03ef32b64be19e0a5b54578dd790906a34943fe9102cfdae0d4495bd536b4",
                "sha256:bc1ff2ff88dbfacefde4ddde471d1417d3b304e8df103a7a9437d47269201bf4"
            ],
            "index": "pypi",
            "version": "==2.8"
        },
        "jsonschema": {
            "hashes": [
                "sha256:1298a2f1b2f4c4a7b921cccd159e4e42f6d7b0fb75c86c0cdecfc71f061833fa",
                "sha256:5af36686c271097f25ec023546c397cb99bc67a5db3836e52e6b37bdb45ca21e",
                "sha256:acf1e360b4682d64ba6acc35dbc65d81d9bde68a291a97f14f16f4282733f5a4"
            ],
            "index": "pypi",
            "version": "==2.4.0"
        },
        "lepl": {
            "hashes": [
                "sha256:a8715c709308350ce4afed5d525682656886d38141387ec87d44421da8d41397",
                "sha256:da6dfa01bbd449f8544857b13474ad52fcca30a5d30de96271c70f34c7a3f96e"
            ],
            "index": "pypi",
            "version": "==5.1.3"
        },
        "lxml": {
            "hashes": [
                "sha256:06748c7192eab0f48e3d35a7adae609a329c6257495d5e53878003660dc0fec6",
                "sha256:0790ddca3f825dd914978c94c2545dbea5f56f008b050e835403714babe62a5f",
                "sha256:1aa7a6197c1cdd65d974f3e4953764eee3d9c7b67e3966616b41fab7f8f516b7",
                "sha256:22c6d34fdb0e65d5f782a4d1a1edb52e0a8365858dafb1c08cb1d16546cf0786",
                "sha256:2754d4406438c83144f9ffd3628bbe2dcc6d62b20dbc5c1ec4bc4385e5d44b42",
                "sha256:27ee0faf8077c7c1a589573b1450743011117f1aa1a91d5ae776bbc5ca6070f2",
                "sha256:2b02c106709466a93ed424454ce4c970791c486d5fcdf52b0d822a7e29789626",
                "sha256:2d1ddce96cf15f1254a68dba6935e6e0f1fe39247de631c115e84dd404a6f031",
                "sha256:4f282737d187ae723b2633856085c31ae5d4d432968b7f3f478a48a54835f5c4",
                "sha256:51bb4edeb36d24ec97eb3e6a6007be128b720114f9a875d6b370317d62ac80b9",
                "sha256:7eee37c1b9815e6505847aa5e68f192e8a1b730c5c7ead39ff317fde9ce29448",
                "sha256:7fd88cb91a470b383aafad554c3fe1ccf6dfb2456ff0e84b95335d582a799804",
                "sha256:9144ce36ca0824b29ebc2e02ca186e54040ebb224292072250467190fb613b96",
                "sha256:925baf6ff1ef2c45169f548cc85204433e061360bfa7d01e1be7ae38bef73194",
                "sha256:a636346c6c0e1092ffc202d97ec1843a75937d8c98aaf6771348ad6422e44bb0",
                "sha256:a87dbee7ad9dce3aaefada2081843caf08a44a8f52e03e0a4cc5819f8398f2f4",
                "sha256:a9e3b8011388e7e373565daa5e92f6c9cb844790dc18e43073212bb3e76f7007",
                "sha256:afb53edf1046599991fb4a7d03e601ab5f5422a5435c47ee6ba91ec3b61416a6",
                "sha256:b26719890c79a1dae7d53acac5f089d66fd8cc68a81f4e4bd355e45470dc25e1",
                "sha256:b7462cdab6fffcda853338e1741ce99706cdf880d921b5a769202ea7b94e8528",
                "sha256:b77975465234ff49fdad871c08aa747aae06f5e5be62866595057c43f8d2f62c",
                "sha256:c47a8a5d00060122ca5908909478abce7bbf62d812e3fc35c6c802df8fb01fe7",
                "sha256:c79e5debbe092e3c93ca4aee44c9a7631bdd407b2871cb541b979fd350bbbc29",
                "sha256:d8d40e0121ca1606aa9e78c28a3a7d88a05c06b3ca61630242cded87d8ce55fa",
                "sha256:ee2be8b8f72a2772e72ab926a3bccebf47bb727bda41ae070dc91d1fb759b726",
                "sha256:f95d28193c3863132b1f55c1056036bf580b5a488d908f7d22a04ace8935a3a9",
                "sha256:fadd2a63a2bfd7fb604508e553d1cf68eca250b2fbdbd81213b5f6f2fbf23529"
            ],
            "index": "pypi",
            "version": "==4.5.1"
        },
        "mako": {
            "hashes": [
                "sha256:3139c5d64aa5d175dbafb95027057128b5fbd05a40c53999f3905ceb53366d9d",
                "sha256:8e8b53c71c7e59f3de716b6832c4e401d903af574f6962edbbbf6ecc2a5fe6c9"
            ],
            "markers": "python_version >= '2.7' and python_version not in '3.0, 3.1, 3.2, 3.3'",
            "version": "==1.1.2"
        },
        "markdown": {
            "hashes": [
                "sha256:2e50876bcdd74517e7b71f3e7a76102050edec255b3983403f1a63e7c8a41e7a",
                "sha256:56a46ac655704b91e5b7e6326ce43d5ef72411376588afa1dd90e881b83c7e8c"
            ],
            "index": "pypi",
            "version": "==3.1.1"
        },
        "markupsafe": {
            "hashes": [
                "sha256:00bc623926325b26bb9605ae9eae8a215691f33cae5df11ca5424f06f2d1f473",
                "sha256:09027a7803a62ca78792ad89403b1b7a73a01c8cb65909cd876f7fcebd79b161",
                "sha256:09c4b7f37d6c648cb13f9230d847adf22f8171b1ccc4d5682398e77f40309235",
                "sha256:1027c282dad077d0bae18be6794e6b6b8c91d58ed8a8d89a89d59693b9131db5",
                "sha256:13d3144e1e340870b25e7b10b98d779608c02016d5184cfb9927a9f10c689f42",
                "sha256:24982cc2533820871eba85ba648cd53d8623687ff11cbb805be4ff7b4c971aff",
                "sha256:29872e92839765e546828bb7754a68c418d927cd064fd4708fab9fe9c8bb116b",
                "sha256:43a55c2930bbc139570ac2452adf3d70cdbb3cfe5912c71cdce1c2c6bbd9c5d1",
                "sha256:46c99d2de99945ec5cb54f23c8cd5689f6d7177305ebff350a58ce5f8de1669e",
                "sha256:500d4957e52ddc3351cabf489e79c91c17f6e0899158447047588650b5e69183",
                "sha256:535f6fc4d397c1563d08b88e485c3496cf5784e927af890fb3c3aac7f933ec66",
                "sha256:596510de112c685489095da617b5bcbbac7dd6384aeebeda4df6025d0256a81b",
                "sha256:62fe6c95e3ec8a7fad637b7f3d372c15ec1caa01ab47926cfdf7a75b40e0eac1",
                "sha256:6788b695d50a51edb699cb55e35487e430fa21f1ed838122d722e0ff0ac5ba15",
                "sha256:6dd73240d2af64df90aa7c4e7481e23825ea70af4b4922f8ede5b9e35f78a3b1",
                "sha256:717ba8fe3ae9cc0006d7c451f0bb265ee07739daf76355d06366154ee68d221e",
                "sha256:79855e1c5b8da654cf486b830bd42c06e8780cea587384cf6545b7d9ac013a0b",
                "sha256:7c1699dfe0cf8ff607dbdcc1e9b9af1755371f92a68f706051cc8c37d447c905",
                "sha256:88e5fcfb52ee7b911e8bb6d6aa2fd21fbecc674eadd44118a9cc3863f938e735",
                "sha256:8defac2f2ccd6805ebf65f5eeb132adcf2ab57aa11fdf4c0dd5169a004710e7d",
                "sha256:98c7086708b163d425c67c7a91bad6e466bb99d797aa64f965e9d25c12111a5e",
                "sha256:9add70b36c5666a2ed02b43b335fe19002ee5235efd4b8a89bfcf9005bebac0d",
                "sha256:9bf40443012702a1d2070043cb6291650a0841ece432556f784f004937f0f32c",
                "sha256:ade5e387d2ad0d7ebf59146cc00c8044acbd863725f887353a10df825fc8ae21",
                "sha256:b00c1de48212e4cc9603895652c5c410df699856a2853135b3967591e4beebc2",
                "sha256:b1282f8c00509d99fef04d8ba936b156d419be841854fe901d8ae224c59f0be5",
                "sha256:b2051432115498d3562c084a49bba65d97cf251f5a331c64a12ee7e04dacc51b",
                "sha256:ba59edeaa2fc6114428f1637ffff42da1e311e29382d81b339c1817d37ec93c6",
                "sha256:c8716a48d94b06bb3b2524c2b77e055fb313aeb4ea620c8dd03a105574ba704f",
                "sha256:cd5df75523866410809ca100dc9681e301e3c27567cf498077e8551b6d20e42f",
                "sha256:cdb132fc825c38e1aeec2c8aa9338310d29d337bebbd7baa06889d09a60a1fa2",
                "sha256:e249096428b3ae81b08327a63a485ad0878de3fb939049038579ac0ef61e17e7",
                "sha256:e8313f01ba26fbbe36c7be1966a7b7424942f670f38e666995b88d012765b9be"
            ],
            "markers": "python_version >= '2.7' and python_version not in '3.0, 3.1, 3.2, 3.3'",
            "version": "==1.1.1"
        },
        "nose": {
            "hashes": [
                "sha256:9ff7c6cc443f8c51994b34a667bbcf45afd6d945be7477b52e97516fd17c53ac",
                "sha256:dadcddc0aefbf99eea214e0f1232b94f2fa9bd98fa8353711dacb112bfcbbb2a",
                "sha256:f1bffef9cbc82628f6e7d7b40d7e255aefaa1adb6a1b1d26c69a8b79e6208a98"
            ],
            "version": "==1.3.7"
        },
        "ofs": {
            "hashes": [
                "sha256:f0b9dcefdaf19d01776526da3c99ae24dfb9d7df60740a42fd709e332bb503d5"
            ],
            "index": "pypi",
            "version": "==0.4.2"
        },
        "owslib": {
            "hashes": [
                "sha256:8646672fe2ec91cad8e0f80199d001d485c0ae7c32c5cbd5cba6c019a6d84ac6"
            ],
            "index": "pypi",
            "version": "==0.8.6"
        },
        "pairtree": {
            "hashes": [
                "sha256:24f3778addb09b68fc82dcc905ecee2b9783b324995cfd31dd0cf68226b4f5c8"
            ],
            "index": "pypi",
            "version": "==0.7.1-T"
        },
        "passlib": {
            "hashes": [
                "sha256:a83d34f53dc9b17aa42c9a35c3fbcc5120f3fcb07f7f8721ec45e6a27be347fc",
                "sha256:ad631a58dc8abeb0f48016c13f4b3b0f3a7b1045a8cb3c61dd15e2d95b45c472"
            ],
            "index": "pypi",
            "version": "==1.6.5"
        },
        "paste": {
            "hashes": [
                "sha256:11645842ba8ec986ae8cfbe4c6cacff5c35f0f4527abf4f5581ae8b4ad49c0b6"
            ],
            "index": "pypi",
            "version": "==1.7.5.1"
        },
        "pastedeploy": {
            "hashes": [
                "sha256:bc6578735a32c77435a3e0769426983d3df6dc53a7229290c495ec10aefb81a5",
                "sha256:e7559878b6e92023041484be9bcb6d767cf4492fc3de7257a5dae76a7cc11a9b"
            ],
            "version": "==2.1.0"
        },
        "pastescript": {
            "hashes": [
                "sha256:6533bb357d44fd8e0b10abf2775e8089252dd3ed58eba56d9c07e43d71758f48",
                "sha256:c03f249805538cc2328741ae8d262a9200ae1c993119b3d9bac4cd422cb476c0"
            ],
            "index": "pypi",
            "version": "==2.0.2"
        },
        "pbr": {
            "hashes": [
                "sha256:186428c270309e6fdfe2d5ab0949ab21ae5f7dea831eab96701b86bd666af39c",
                "sha256:f5cf7265a80636ecff66806d13494cbf9d77a3758a65fd8b4d4d4bee81b0c375"
            ],
            "version": "==1.10.0"
        },
        "pika": {
            "hashes": [
                "sha256:4e1a1a6585a41b2341992ec32aadb7a919d649eb82904fd8e4a4e0871c8cf3af",
                "sha256:9fa76ba4b65034b878b2b8de90ff8660a59d925b087c5bb88f8fdbb4b64a1dbf"
            ],
            "index": "pypi",
            "version": "==1.1.0"
        },
        "ply": {
            "hashes": [
                "sha256:af435f11b7bdd69da5ffbc3fecb8d70a7073ec952e101764c88720cdefb2546b"
            ],
            "index": "pypi",
            "version": "==3.4"
        },
        "polib": {
            "hashes": [
                "sha256:43ce60d05ffa442ba9d3c5722193aadb93c38174b9fb471c8ea7ccbf8349bbca",
                "sha256:d70a315cd5c6adfe7adcf9b541b023348c8b714587e5357886c7e990a91216f3"
            ],
            "index": "pypi",
            "version": "==1.0.7"
        },
        "psycopg2": {
            "hashes": [
                "sha256:009e0bc09a57dbef4b601cb8b46a2abad51f5274c8be4bba276ff2884cd4cc53",
                "sha256:0344b181e1aea37a58c218ccb0f0f771295de9aa25a625ed076e6996c6530f9e",
                "sha256:0cd4c848f0e9d805d531e44973c8f48962e20eb7fc0edac3db4f9dbf9ed5ab82",
                "sha256:1286dd16d0e46d59fa54582725986704a7a3f3d9aca6c5902a7eceb10c60cb7e",
                "sha256:1cf5d84290c771eeecb734abe2c6c3120e9837eb12f99474141a862b9061ac51",
                "sha256:207ba4f9125a0a4200691e82d5eee7ea1485708eabe99a07fc7f08696fae62f4",
                "sha256:25250867a4cd1510fb755ef9cb38da3065def999d8e92c44e49a39b9b76bc893",
                "sha256:2954557393cfc9a5c11a5199c7a78cd9c0c793a047552d27b1636da50d013916",
                "sha256:317612d5d0ca4a9f7e42afb2add69b10be360784d21ce4ecfbca19f1f5eadf43",
                "sha256:37f54452c7787dbdc0a634ca9773362b91709917f0b365ed14b831f03cbd34ba",
                "sha256:40fa5630cd7d237cd93c4d4b64b9e5ed9273d1cfce55241c7f9066f5db70629d",
                "sha256:57baf63aeb2965ca4b52613ce78e968b6d2bde700c97f6a7e8c6c236b51ab83e",
                "sha256:594aa9a095de16614f703d759e10c018bdffeafce2921b8e80a0e8a0ebbc12e5",
                "sha256:5c3213be557d0468f9df8fe2487eaf2990d9799202c5ff5cb8d394d09fad9b2a",
                "sha256:697ff63bc5451e0b0db48ad205151123d25683b3754198be7ab5fcb44334e519",
                "sha256:6c2f1a76a9ebd9ecf7825b9e20860139ca502c2bf1beabf6accf6c9e66a7e0c3",
                "sha256:7a75565181e75ba0b9fb174b58172bf6ea9b4331631cfe7bafff03f3641f5d73",
                "sha256:7a9c6c62e6e05df5406e9b5235c31c376a22620ef26715a663cee57083b3c2ea",
                "sha256:7c31dade89634807196a6b20ced831fbd5bec8a21c4e458ea950c9102c3aa96f",
                "sha256:82c40ea3ac1555e0462803380609fbe8b26f52620f3d4f8eb480cfd8ceed8a14",
                "sha256:8f5942a4daf1ffac42109dc4a72f786af4baa4fa702ede1d7c57b4b696c2e7d6",
                "sha256:92179bd68c2efe72924a99b6745a9172471931fc296f9bfdf9645b75eebd6344",
                "sha256:94e4128ba1ea56f02522fffac65520091a9de3f5c00da31539e085e13db4771b",
                "sha256:988d2ec7560d42ef0ac34b3b97aad14c4f068792f00e1524fa1d3749fe4e4b64",
                "sha256:9d6266348b15b4a48623bf4d3e50445d8e581da413644f365805b321703d0fac",
                "sha256:9d64fed2681552ed642e9c0cc831a9e95ab91de72b47d0cb68b5bf506ba88647",
                "sha256:b9358e203168fef7bfe9f430afaed3a2a624717a1d19c7afa7dfcbd76e3cd95c",
                "sha256:bf708455cd1e9fa96c05126e89a0c59b200d086c7df7bbafc7d9be769e4149a3",
                "sha256:d3ac07240e2304181ffdb13c099840b5eb555efc7be9344503c0c03aa681de79",
                "sha256:ddca39cc55877653b5fcf59976d073e3d58c7c406ef54ae8e61ddf8782867182",
                "sha256:fc993c9331d91766d54757bbc70231e29d5ceb2d1ac08b1570feaa0c38ab9582"
            ],
            "index": "pypi",
            "version": "==2.7.3.2"
        },
        "pycparser": {
            "hashes": [
                "sha256:2d475327684562c3a96cc71adf7dc8c4f0565175cf86b6d7a404ff4c771f15f0",
                "sha256:7582ad22678f0fcd81102833f60ef8d0e57288b6b5fb00323d101be910e35705"
            ],
            "markers": "python_version >= '2.7' and python_version not in '3.0, 3.1, 3.2, 3.3'",
            "version": "==2.20"
        },
        "pygments": {
            "hashes": [
                "sha256:2a3fe295e54a20164a9df49c75fa58526d3be48e14aceba6d6b1e8ac0bfd6f1b",
                "sha256:98c8aa5a9f778fcd1026a17361ddaf7330d1b7c62ae97c3bb0ae73e0b9b6b0fe"
            ],
            "markers": "python_version >= '2.7' and python_version not in '3.0, 3.1, 3.2, 3.3'",
            "version": "==2.5.2"
        },
        "pylons": {
            "hashes": [
                "sha256:36a62a184819ef01e65c865364f1b262299e6215ef55d8add6a1a258a9dd6933",
                "sha256:6eafd95a83b170951165580c0f6bab030fe2b4e84cbcc59c622780cb691a7a95"
            ],
            "index": "pypi",
            "version": "==0.9.7"
        },
        "pyopenssl": {
            "hashes": [
                "sha256:26ff56a6b5ecaf3a2a59f132681e2a80afcc76b4f902f612f518f92c2a1bf854",
                "sha256:6488f1423b00f73b7ad5167885312bb0ce410d3312eb212393795b53c8caa580"
            ],
            "index": "pypi",
            "version": "==18.0.0"
        },
        "pyparsing": {
            "hashes": [
                "sha256:c203ec8783bf771a155b207279b9bccb8dea02d8f0c9e5f8ead507bc3246ecc1",
                "sha256:ef9d7589ef3c200abe66653d3f1ab1033c3c419ae9b9bdb1240a85b024efc88b"
            ],
            "index": "pypi",
            "version": "==2.4.7"
        },
        "pysolr": {
            "hashes": [
                "sha256:f94292c1002dbbbfaecaad18fec39cc4bff843b459c8851a2234f2799788ac6f",
                "sha256:fd1233e80dcfb7405ca5a33982f485f2ab2f8dffc675c52eff3b33eec950c060"
            ],
            "index": "pypi",
            "version": "==3.6.0"
        },
        "python-dateutil": {
            "hashes": [
                "sha256:6f197348b46fb8cdf9f3fcfc2a7d5a97da95db3e2e8667cf657216274fe1b009"
            ],
            "index": "pypi",
            "version": "==1.5"
        },
        "python-magic": {
            "hashes": [
                "sha256:f2674dcfad52ae6c49d4803fa027809540b130db1dec928cfbb9240316831375",
                "sha256:f3765c0f582d2dfc72c15f3b5a82aecfae9498bd29ca840d72f37d7bd38bfcd5"
            ],
            "index": "pypi",
            "version": "==0.4.15"
        },
        "pytz": {
            "hashes": [
                "sha256:054d9814d00254571cff84f6faedb25c046008322cbe51a6d5664c912b4f2929",
                "sha256:1fb6744706e5d75efb255ccbe8573c8358ae566d9230e4c836dd1c06eb8e4c4c",
                "sha256:2ff2e244773d7e11c3892f3c2d23701d8ee8db2b33f1d7f49e9c8087ac86fef0",
                "sha256:6335852904b372c332eb117bd4040cb8038088b29d1e15185ce21b238cc038f1",
                "sha256:6eab31709e3a4aea748457707da45e805b650cbb352583805d2417de2a1dd71e",
                "sha256:74637ce79cc9ba2c54e4e6009369dcbc0693912616edcb589f428c68c5388169",
                "sha256:8787de03f35f31699bcaf127e56ad14c00647965ed24d72dbaca87c6e4f843a3",
                "sha256:8ccc359571bd77c6720b15bed8434681ef4e2ff59a47a39dc83fa36f36659d73",
                "sha256:a7bfa766bc70adb72f32476c7e5d8fd911c569beb75f192271743a166be4a218",
                "sha256:ac50f623d13bf448fd844f1ec269f63afc97f328b792f713918c9af3e83e1d19",
                "sha256:c6fe748ed6c676d9404b47897cfb399c514fb7428298465c8a3310ee5a2a0ec9",
                "sha256:cfe881048e0bcb348b901bc1972a54b5e5389274315acbe9384d68569b8ed1f9",
                "sha256:e16a04228fa684f14e5b4c9cd8057a28c5ec08c1a58890d2f4c30f5bf62ffbf9"
            ],
            "index": "pypi",
            "version": "==2016.7"
        },
        "pyutilib.component.core": {
            "hashes": [
                "sha256:8d66199ff1fa298961de28c8da7b6fa467273eb87b39f557c92f2e50d8abf186",
                "sha256:96cf00a017bb7647af39c61a4977c1f667415557310591015d5653bc51b235b6"
            ],
            "index": "pypi",
            "version": "==4.6.4"
        },
        "pyyaml": {
            "hashes": [
                "sha256:06a0d7ba600ce0b2d2fe2e78453a470b5a6e000a985dd4a4e54e436cc36b0e97",
                "sha256:240097ff019d7c70a4922b6869d8a86407758333f02203e0fc6ff79c5dcede76",
                "sha256:4f4b913ca1a7319b33cfb1369e91e50354d6f07a135f3b901aca02aa95940bd2",
                "sha256:69f00dca373f240f842b2931fb2c7e14ddbacd1397d57157a9b005a6a9942648",
                "sha256:73f099454b799e05e5ab51423c7bcf361c58d3206fa7b0d555426b1f4d9a3eaf",
                "sha256:74809a57b329d6cc0fdccee6318f44b9b8649961fa73144a98735b0aaf029f1f",
                "sha256:7739fc0fa8205b3ee8808aea45e968bc90082c10aef6ea95e855e10abf4a37b2",
                "sha256:95f71d2af0ff4227885f7a6605c37fd53d3a106fcab511b8860ecca9fcf400ee",
                "sha256:b8eac752c5e14d3eca0e6dd9199cd627518cb5ec06add0de9d32baeee6fe645d",
                "sha256:cc8955cfbfc7a115fa81d85284ee61147059a753344bc51098f3ccd69b0d7e0c",
                "sha256:d13155f591e6fcc1ec3b30685d50bf0711574e2c0dfffd7644babf8b5102ca1a"
            ],
            "index": "pypi",
            "version": "==5.3.1"
        },
        "pyz3950": {
            "git": "https://github.com/asl2/PyZ3950.git",
            "ref": "c2282c73182cef2beca0f65b1eb7699c9b24512e",
            "version": "==2.4"
        },
        "redis": {
            "hashes": [
                "sha256:2ef11f489003f151777c064c5dbc6653dfb9f3eade159bcadc524619fddc2242",
                "sha256:6d65e84bc58091140081ee9d9c187aab0480097750fac44239307a3bdf0b1251"
            ],
            "index": "pypi",
            "version": "==3.5.2"
        },
        "repoze.lru": {
            "hashes": [
                "sha256:0429a75e19380e4ed50c0694e26ac8819b4ea7851ee1fc7583c8572db80aff77",
                "sha256:f77bf0e1096ea445beadd35f3479c5cff2aa1efe604a133e67150bc8630a62ea"
            ],
            "version": "==0.7"
        },
        "repoze.who": {
            "hashes": [
                "sha256:36216ea411e16967fa3c44c66975e55ee2e41aede3d2ef31fd3130b6f3880922",
                "sha256:b95dadc1242acc55950115a629cfb1352669774b46d22def51400ca683efea28",
                "sha256:bc38943b62e79df7971fcf40f2c6b17b6b626aef0f81717d7aaedc47ed94735b"
            ],
            "index": "pypi",
            "version": "==2.3"
        },
        "repoze.who-friendlyform": {
            "hashes": [
                "sha256:77138a94b11e8f846889fd7e025d6914e5966125869f6d75ef216801e29cdf13",
                "sha256:f923d56b71f26423dcf47cc3bc36eb6a1d1e95f124f9e66fff68264110ba4b3a"
            ],
            "index": "pypi",
            "version": "==1.0.8"
        },
        "requests": {
            "hashes": [
                "sha256:545c4855cd9d7c12671444326337013766f4eea6068c3f0307fb2dc2696d580e",
                "sha256:5acf980358283faba0b897c73959cecf8b841205bb4b2ad3ef545f46eae1a133"
            ],
            "index": "pypi",
            "version": "==2.11.1"
        },
        "rfc3987": {
            "hashes": [
                "sha256:10702b1e51e5658843460b189b185c0366d2cf4cff716f13111b0ea9fd2dce53",
                "sha256:d3c4d257a560d544e9826b38bc81db676890c79ab9d7ac92b39c7a253d5ca733"
            ],
            "index": "pypi",
            "version": "==1.3.8"
        },
        "routes": {
            "hashes": [
                "sha256:cc03d1a357cdb7af82e3909ee8ff93cb2b2afb48aca23bfde0117d6f49f624a7"
            ],
            "index": "pypi",
            "version": "==1.13"
        },
        "rq": {
            "hashes": [
                "sha256:2392de2d97d5a1c3b94d1eb6a1ad9bfcd77c3b1ab1534da9cf15750c67eb2f1b",
                "sha256:d6502f5041953b2e5f5411a59bfc9661f7fb2af2a7f412f0f7bc62b2e56d9341"
            ],
            "index": "pypi",
            "version": "==0.6.0"
        },
        "shapely": {
            "hashes": [
                "sha256:11090bd5b5f11d54e1924a11198226971dab6f392c2e5a3c74514857f764b971",
                "sha256:1af407c58e7898a511ad01dc6e7c2099493071d939340553686b27513db6478e",
                "sha256:2154b9f25c5f13785cb05ce80b2c86e542bc69671193743f29c9f4c791c35db3",
                "sha256:234c5424d61d8b263d6d20045f5f32437819627ca57c1ea0c08368013b49824b",
                "sha256:29be7767a32df19e2186288cee63e539b386a35139524dc22eeceb244d0b092b",
                "sha256:2a2d37105c1d6d936f829de6c1c4ec8d43484d7b8bae8493bdd4267140dce650",
                "sha256:3793b09cbd86fe297193b365cbaf58b2f7d1ddeb273213185b2ddbab360e54ae",
                "sha256:4acbd566544c33bbc58c7dd264638ff3b91a57d9b162693c37520ea60d13668d",
                "sha256:50f96eb9993b6d841aac0addb84ea5f9da81c3fa97e1ec67c11964c8bb4fa0a5",
                "sha256:640e8a82b5f69ccd14e7520dd66d1247cf362096586e663ef9b8098cc0cb272b",
                "sha256:7554b1acd64a34d78189ab2f691bac967e0d9b38a4f345044552f9dcf3f92149",
                "sha256:7e9b01e89712fd988f931721fa36298e06a02eedf87fe7a7fd704d08f74c00f1",
                "sha256:9c62a9f7adceaa3110f2ec359c70dddd1640191609e91029e4d307e63fc8a5af",
                "sha256:a6c07b3b87455d107b0e4097889e9aba80a0812abf32a322a133af819b85d68a",
                "sha256:ae9a2da2b30c0b42029337854f78c71c28d285d254efd5f3be3700d997bfd18e",
                "sha256:b845a97f8366cc4aca197c3b04304cc301d9250518123155732da6a0e0575b49",
                "sha256:cc0fb1851b59473d2fa2f257f1e35740875af3f402c4575b4115028234e6f2eb",
                "sha256:e21a9fe1a416463ff11ae037766fe410526c95700b9e545372475d2361cc951e",
                "sha256:f7eb83fb36755edcbeb76fb367104efdf980307536c38ef610cb2e1a321defe0"
            ],
            "index": "pypi",
            "version": "==1.7.0"
        },
        "simplejson": {
            "hashes": [
                "sha256:0dc3afa149746b4e7551471ff868135c92d7b68b8ac37225388fac29127d836b",
                "sha256:18d2f00229c8aa364a29d112d6fe7d7e988d6c0917578ac2907532698154836a",
                "sha256:2ed3362bf59563855054551924c1f01d3876f1f4286d3b2bed88be1a9eac40c3",
                "sha256:370f2b68a93fb533b537dfacc13300928f794e7dbdf7c72769d80432ea71631a",
                "sha256:3a2a1e74b2b2feae27c8d1ec991544424dad4d0402152359cb79505983fc10f5",
                "sha256:3f43000ccde55f0ba8d46dd18a8dd71c72b48c7103d9ec56b077fe8de0ec686d",
                "sha256:4485d1e310e9b97b29b21a011e1d929ac3c239966f6b8c504c1db63873a15967",
                "sha256:7a8daeaea5d8b846a7cd6d76aa1006cc15c2f51eba3abafd6948824ef166ba60",
                "sha256:7e6f55c72388afa83c38fda0d5dab710f364476b661d8b5441ab79c1d402e9be",
                "sha256:84c4eb240c9697719a22a1b92dbe3b16d8ee484726b89f823bbf831d94a9ec86",
                "sha256:8b478dd885fd7184d38797939ccd508e7feb77875058a94e5f09a4e0c67a53c2",
                "sha256:953be622e88323c6f43fad61ffd05bebe73b9fd9863a46d68b052d2aa7d71ce2",
                "sha256:9ed51dc5cffa6366aad2e1e7d7ce65954b32092dc0585a591726da14c418adbd",
                "sha256:b1e260204d712059cb1f60e86f1f28b72570380b74d1cd550aac1903169d9f74",
                "sha256:b26455e86d5f7b8e7344c3992a48e32e11b01e26e57cd09c6ce4c94b9b5067f0",
                "sha256:d0509648b2074bf5a66c9d6ad3ee6d3711cc035fe38756cd02df93af2187f31b",
                "sha256:ddff7c3745a75cbd98b2d148eebbd739d7d18dfb537a857b02774cc09a333129",
                "sha256:e633def17eedd2d202437daeb8fda6f379d51a34de8b809800e2737d3e7363f9",
                "sha256:ea38d82c16e998ea9f3aee26d54816d3c560e5e3a075a56c54aef7263412f12e"
            ],
            "index": "pypi",
            "version": "==3.10.0"
        },
        "six": {
            "hashes": [
                "sha256:236bdbdce46e6e6a3d61a337c0f8b763ca1e8717c03b369e87a7ec7ce1319c0a",
                "sha256:8f3cd2e254d8f793e7f3d6d9df77b92252b52637291d0f0da013c76ea2724b6c"
            ],
            "markers": "python_version >= '2.7' and python_version not in '3.0, 3.1, 3.2, 3.3'",
            "version": "==1.14.0"
        },
        "sqlalchemy": {
            "hashes": [
                "sha256:76f76965e9a968ba3aecd2a8bc0d991cea04fd9a182e6c95c81f1551487b0211"
            ],
            "index": "pypi",
            "version": "==1.1.11"
        },
        "sqlalchemy-migrate": {
            "hashes": [
                "sha256:f83c5cce9c09e5c05527279b7fe1565b32e5353342ff30b24f594fa2e5a7e003",
                "sha256:f961eec08347be28eea7e49767cf53147b6a13706842fa6eb4d0fb1ab448a615"
            ],
            "index": "pypi",
            "version": "==0.10.0"
        },
        "sqlparse": {
            "hashes": [
                "sha256:9b61c319b3c7b64681e1b4d554a9c3fe81ed52da00a901ccf3fe72962734e444",
                "sha256:d446296b2c26f9466860dd85fa32480bec523ab96bda8879262c38e8e8fbba21"
            ],
            "index": "pypi",
            "version": "==0.2.2"
        },
        "tempita": {
            "hashes": [
                "sha256:cacecf0baa674d356641f1d406b8bff1d756d739c46b869a54de515d08e6fc9c"
            ],
            "version": "==0.5.2"
        },
        "tzlocal": {
            "hashes": [
                "sha256:d160c2ce4f8b1831dabfe766bd844cf9012f766539cf84139c2faac5201882ce"
            ],
            "index": "pypi",
            "version": "==1.3"
        },
        "unicodecsv": {
            "hashes": [
                "sha256:018c08037d48649a0412063ff4eda26eaa81eff1546dbffa51fa5293276ff7fc"
            ],
            "index": "pypi",
            "version": "==0.14.1"
        },
        "vdm": {
            "hashes": [
                "sha256:81bb747b422e68a59a8cbd42ac7fdf5d46cd4c96cca5b9b5dd48a18780b2afda"
            ],
            "index": "pypi",
            "version": "==0.14"
        },
        "webencodings": {
            "hashes": [
                "sha256:a0af1213f3c2226497a97e2b3aa01a7e4bee4f403f95be16fc9acd2947514a78",
                "sha256:b36a1c245f2d304965eb4e0a82848379241dc04b865afcc4aab16748587e1923"
            ],
            "version": "==0.5.1"
        },
        "weberror": {
            "hashes": [
                "sha256:20c0533041deda47291314ddb2a64ed580cfc453ea52d3a33bbce12e4d95508a",
                "sha256:c19f8bd57de2f1eea1b18a44f1ba1ad27421097c9ecfa0ae754fa42c9cdd9864"
            ],
            "version": "==0.13.1"
        },
        "webhelpers": {
            "hashes": [
                "sha256:ea86f284e929366b77424ba9a89341f43ae8dee3cbeb8702f73bcf86058aa583"
            ],
            "index": "pypi",
            "version": "==1.3"
        },
        "webob": {
            "hashes": [
                "sha256:fe771def02bd7857b5519bdf3ae4ea7ea4ebb7d2f5fa10953c8d4535b0ccb2b5"
            ],
            "index": "pypi",
            "version": "==1.0.8"
        },
        "webtest": {
            "hashes": [
                "sha256:0439d951afdf6c58d19e0a83e30855d0bb7e35ab177d9261add71fc5a724b6ab"
            ],
            "index": "pypi",
            "version": "==1.4.3"
        },
        "werkzeug": {
            "hashes": [
                "sha256:c3fd7a7d41976d9f44db327260e263132466836cef6f91512889ed60ad26557c",
                "sha256:d5da73735293558eb1651ee2fddc4d0dedcfa06538b8813a2e20011583c9e49b"
            ],
            "index": "pypi",
            "version": "==0.14.1"
        },
        "zope.interface": {
            "hashes": [
                "sha256:04ae8a1041188faa8de80f9a373e0c39036f4ff5f05b087f45f95e61f5d021e9",
                "sha256:0eded56d84e6a8d18eaacca2f2f5a9bdbca983f389baf67e7f0dbc563dc4c5b5",
                "sha256:10aba8ab3e011b797656d3a6d0ff8709ee471024f32d6fd056326cca4123e95f",
                "sha256:227c4f5908f6ad52b1e1f1748dddb88fb48be32bc4d310eb32032428769dca24",
                "sha256:23eaeb9c59aa41a78cc59b585c80d2eacf96167d575cfd9399f271c967b4b33d",
                "sha256:5d78df08d8c571a5ba3c0a95fb9c342487bd63dbe54372224621b556975c5f3e",
                "sha256:6a0e224a052e3ce27b3a7b1300a24747513f7a507217fcc2a4cb02eb92945cee",
                "sha256:6d871fb3a7869802fa8ccde0c589e20289e32b30398b24dd46cd1c3bd4dc7382",
                "sha256:716ee42ea853deb4f6491a0db03e36cf4db82f178ee0f4b3ba433e893d754f16",
                "sha256:7ebc15a8f568162d936da27b8ee01bacf934c3f3758ef5f6a2d4306aeea1337f",
                "sha256:82df64236d9008ac6025f743223a3be8d911cd3fdefe483ae5ab768691c4d101",
                "sha256:ab357a99d9f00bc43476d70ead78f05d2d7ebc68c8fd8a8a983e2e6e4cb34bfb",
                "sha256:ae3295573d957138585532f2050ca94bed1fdb0fd792f389b1fa6d9cf5df360f",
                "sha256:ae4963329dc6e78800de72c942422bf641b673fe0708bda7e2a76b96b926121c",
                "sha256:bda6aed260c08c0d1d7c2b100fa3e182e36da064e458af8392acc985fee13644",
                "sha256:c2fd356ed67d9cd23ed47dddcd118f5b3fba26d4a34eee4bf8974bc80963db98",
                "sha256:cf156d9ec862f1c3a1e56256dc0c3d85048e31f21bc464e03359cba5a1d45250",
                "sha256:d0e1c5113a10446079f2a8e38e88295b8c34e119d76d30df248bd5b051afdecc",
                "sha256:d5a92d4c10e81d7c2e96a8d6929905b795b46a14fda4b6ec8ec738c02a4f5406",
                "sha256:e0dd4fc03c01fde2bad0a60b63884a834f0c0b42a01e937c948435c6f2aa00d3",
                "sha256:e270f3a3f3d939ce06e1425e6d70e5d7cc4ccff67e1eaee89c6a6e9d0bdffbfe",
                "sha256:e5289de49bcbaf84d278938c55a3e312407f8e2571f6be69a77837a2ea88db4a",
                "sha256:e727c508a5af11e0bbd690869ed8d3598e6c997e5be66465149f361514a4f3f2",
                "sha256:ef296d3f2c26d8b88fd0db57ba13cfcd3df467f333caaeb87f1d31717b14ff87"
            ],
            "index": "pypi",
            "version": "==4.3.2"
        }
    },
    "develop": {}
}
